
Microsoft Visual Studio Solution File, Format Version 12.00
# Visual Studio Version 17
VisualStudioVersion = 17.6.33829.357
MinimumVisualStudioVersion = 10.0.40219.1
Project("{FAE04EC0-301F-11D3-BF4B-00C04F79EFBC}") = "Entertainment Guild", "Entertainment Guild.csproj", "{24E5AB02-403D-47C4-9CF6-389BEBD7AB0C}"
EndProject
Global
	GlobalSection(SolutionConfigurationPlatforms) = preSolution
		Debug|Any CPU = Debug|Any CPU
		Release|Any CPU = Release|Any CPU
	EndGlobalSection
	GlobalSection(ProjectConfigurationPlatforms) = postSolution
		{24E5AB02-403D-47C4-9CF6-389BEBD7AB0C}.Debug|Any CPU.ActiveCfg = Debug|Any CPU
		{24E5AB02-403D-47C4-9CF6-389BEBD7AB0C}.Debug|Any CPU.Build.0 = Debug|Any CPU
		{24E5AB02-403D-47C4-9CF6-389BEBD7AB0C}.Release|Any CPU.ActiveCfg = Release|Any CPU
		{24E5AB02-403D-47C4-9CF6-389BEBD7AB0C}.Release|Any CPU.Build.0 = Release|Any CPU
	EndGlobalSection
	GlobalSection(SolutionProperties) = preSolution
		HideSolutionNode = FALSE
	EndGlobalSection
	GlobalSection(ExtensibilityGlobals) = postSolution
		SolutionGuid = {54A0EC77-4688-4CDB-AFF4-E35E720F2739}
	EndGlobalSection
EndGlobal
